
Microsoft Visual Studio Solution File, Format Version 12.00
# Visual Studio Version 17
VisualStudioVersion = 17.13.35919.96 d17.13
MinimumVisualStudioVersion = 10.0.40219.1
Project("{FAE04EC0-301F-11D3-BF4B-00C04F79EFBC}") = "FreshShelf", "FreshShelf\FreshShelf.csproj", "{C38DD458-5DCD-4A09-A595-7691575A7A6D}"
EndProject
Global
	GlobalSection(SolutionConfigurationPlatforms) = preSolution
		Debug|Any CPU = Debug|Any CPU
		Release|Any CPU = Release|Any CPU
	EndGlobalSection
	GlobalSection(ProjectConfigurationPlatforms) = postSolution
		{C38DD458-5DCD-4A09-A595-7691575A7A6D}.Debug|Any CPU.ActiveCfg = Debug|Any CPU
		{C38DD458-5DCD-4A09-A595-7691575A7A6D}.Debug|Any CPU.Build.0 = Debug|Any CPU
		{C38DD458-5DCD-4A09-A595-7691575A7A6D}.Release|Any CPU.ActiveCfg = Release|Any CPU
		{C38DD458-5DCD-4A09-A595-7691575A7A6D}.Release|Any CPU.Build.0 = Release|Any CPU
	EndGlobalSection
	GlobalSection(SolutionProperties) = preSolution
		HideSolutionNode = FALSE
	EndGlobalSection
	GlobalSection(ExtensibilityGlobals) = postSolution
		SolutionGuid = {C11EE1EE-73FF-4D13-8E6A-F4C9E50BD870}
	EndGlobalSection
EndGlobal
